// !$*UTF8*$!
{
	archiveVersion = 1;
	classes = {
	};
	objectVersion = 50;
	objects = {

/* Begin PBXBuildFile section */
		AFF9A8A624D474A600CF6E25 /* AppDelegate.swift in Sources */ = {isa = PBXBuildFile; fileRef = AFF9A8A524D474A600CF6E25 /* AppDelegate.swift */; };
		AFF9A8A824D474A600CF6E25 /* SceneDelegate.swift in Sources */ = {isa = PBXBuildFile; fileRef = AFF9A8A724D474A600CF6E25 /* SceneDelegate.swift */; };
		AFF9A8AD24D474A600CF6E25 /* Main.storyboard in Resources */ = {isa = PBXBuildFile; fileRef = AFF9A8AB24D474A600CF6E25 /* Main.storyboard */; };
		AFF9A8AF24D474AB00CF6E25 /* Assets.xcassets in Resources */ = {isa = PBXBuildFile; fileRef = AFF9A8AE24D474AB00CF6E25 /* Assets.xcassets */; };
		AFF9A8B224D474AB00CF6E25 /* LaunchScreen.storyboard in Resources */ = {isa = PBXBuildFile; fileRef = AFF9A8B024D474AB00CF6E25 /* LaunchScreen.storyboard */; };
		AFF9A8BA24D474CE00CF6E25 /* Todo.swift in Sources */ = {isa = PBXBuildFile; fileRef = AFF9A8B924D474CE00CF6E25 /* Todo.swift */; };
		AFF9A8BC24D4786700CF6E25 /* TodoTableViewController.swift in Sources */ = {isa = PBXBuildFile; fileRef = AFF9A8BB24D4786700CF6E25 /* TodoTableViewController.swift */; };
		AFF9A8BE24D47E2800CF6E25 /* EditTodoTableViewController.swift in Sources */ = {isa = PBXBuildFile; fileRef = AFF9A8BD24D47E2800CF6E25 /* EditTodoTableViewController.swift */; };
/* End PBXBuildFile section */

/* Begin PBXFileReference section */
		AFF9A8A224D474A600CF6E25 /* Todo Demo.app */ = {isa = PBXFileReference; explicitFileType = wrapper.application; includeInIndex = 0; path = "Todo Demo.app"; sourceTree = BUILT_PRODUCTS_DIR; };
		AFF9A8A524D474A600CF6E25 /* AppDelegate.swift */ = {isa = PBXFileReference; lastKnownFileType = sourcecode.swift; path = AppDelegate.swift; sourceTree = "<group>"; };
		AFF9A8A724D474A600CF6E25 /* SceneDelegate.swift */ = {isa = PBXFileReference; lastKnownFileType = sourcecode.swift; path = SceneDelegate.swift; sourceTree = "<group>"; };
		AFF9A8AC24D474A600CF6E25 /* Base */ = {isa = PBXFileReference; lastKnownFileType = file.storyboard; name = Base; path = Base.lproj/Main.storyboard; sourceTree = "<group>"; };
		AFF9A8AE24D474AB00CF6E25 /* Assets.xcassets */ = {isa = PBXFileReference; lastKnownFileType = folder.assetcatalog; path = Assets.xcassets; sourceTree = "<group>"; };
		AFF9A8B124D474AB00CF6E25 /* Base */ = {isa = PBXFileReference; lastKnownFileType = file.storyboard; name = Base; path = Base.lproj/LaunchScreen.storyboard; sourceTree = "<group>"; };
		AFF9A8B324D474AB00CF6E25 /* Info.plist */ = {isa = PBXFileReference; lastKnownFileType = text.plist.xml; path = Info.plist; sourceTree = "<group>"; };
		AFF9A8B924D474CE00CF6E25 /* Todo.swift */ = {isa = PBXFileReference; lastKnownFileType = sourcecode.swift; path = Todo.swift; sourceTree = "<group>"; };
		AFF9A8BB24D4786700CF6E25 /* TodoTableViewController.swift */ = {isa = PBXFileReference; lastKnownFileType = sourcecode.swift; path = TodoTableViewController.swift; sourceTree = "<group>"; };
		AFF9A8BD24D47E2800CF6E25 /* EditTodoTableViewController.swift */ = {isa = PBXFileReference; lastKnownFileType = sourcecode.swift; path = EditTodoTableViewController.swift; sourceTree = "<group>"; };
/* End PBXFileReference section */

/* Begin PBXFrameworksBuildPhase section */
		AFF9A89F24D474A600CF6E25 /* Frameworks */ = {
			isa = PBXFrameworksBuildPhase;
			buildActionMask = 2147483647;
			files = (
			);
			runOnlyForDeploymentPostprocessing = 0;
		};
/* End PBXFrameworksBuildPhase section */

/* Begin PBXGroup section */
		AFF9A89924D474A600CF6E25 = {
			isa = PBXGroup;
			children = (
				AFF9A8A424D474A600CF6E25 /* Todo Demo */,
				AFF9A8A324D474A600CF6E25 /* Products */,
			);
			sourceTree = "<group>";
		};
		AFF9A8A324D474A600CF6E25 /* Products */ = {
			isa = PBXGroup;
			children = (
				AFF9A8A224D474A600CF6E25 /* Todo Demo.app */,
			);
			name = Products;
			sourceTree = "<group>";
		};
		AFF9A8A424D474A600CF6E25 /* Todo Demo */ = {
			isa = PBXGroup;
			children = (
				AFF9A8BD24D47E2800CF6E25 /* EditTodoTableViewController.swift */,
				AFF9A8A524D474A600CF6E25 /* AppDelegate.swift */,
				AFF9A8A724D474A600CF6E25 /* SceneDelegate.swift */,
				AFF9A8B924D474CE00CF6E25 /* Todo.swift */,
				AFF9A8AB24D474A600CF6E25 /* Main.storyboard */,
				AFF9A8BB24D4786700CF6E25 /* TodoTableViewController.swift */,
				AFF9A8AE24D474AB00CF6E25 /* Assets.xcassets */,
				AFF9A8B024D474AB00CF6E25 /* LaunchScreen.storyboard */,
				AFF9A8B324D474AB00CF6E25 /* Info.plist */,
			);
			path = "Todo Demo";
			sourceTree = "<group>";
		};
/* End PBXGroup section */

/* Begin PBXNativeTarget section */
		AFF9A8A124D474A600CF6E25 /* Todo Demo */ = {
			isa = PBXNativeTarget;
			buildConfigurationList = AFF9A8B624D474AB00CF6E25 /* Build configuration list for PBXNativeTarget "Todo Demo" */;
			buildPhases = (
				AFF9A89E24D474A600CF6E25 /* Sources */,
				AFF9A89F24D474A600CF6E25 /* Frameworks */,
				AFF9A8A024D474A600CF6E25 /* Resources */,
			);
			buildRules = (
			);
			dependencies = (
			);
			name = "Todo Demo";
			productName = "Todo Demo";
			productReference = AFF9A8A224D474A600CF6E25 /* Todo Demo.app */;
			productType = "com.apple.product-type.application";
		};
/* End PBXNativeTarget section */

/* Begin PBXProject section */
		AFF9A89A24D474A600CF6E25 /* Project object */ = {
			isa = PBXProject;
			attributes = {
				LastSwiftUpdateCheck = 1160;
				LastUpgradeCheck = 1160;
				ORGANIZATIONNAME = Tinkercademy;
				TargetAttributes = {
					AFF9A8A124D474A600CF6E25 = {
						CreatedOnToolsVersion = 11.6;
					};
				};
			};
			buildConfigurationList = AFF9A89D24D474A600CF6E25 /* Build configuration list for PBXProject "Todo Demo" */;
			compatibilityVersion = "Xcode 9.3";
			developmentRegion = en;
			hasScannedForEncodings = 0;
			knownRegions = (
				en,
				Base,
			);
			mainGroup = AFF9A89924D474A600CF6E25;
			productRefGroup = AFF9A8A324D474A600CF6E25 /* Products */;
			projectDirPath = "";
			projectRoot = "";
			targets = (
				AFF9A8A124D474A600CF6E25 /* Todo Demo */,
			);
		};
/* End PBXProject section */

/* Begin PBXResourcesBuildPhase section */
		AFF9A8A024D474A600CF6E25 /* Resources */ = {
			isa = PBXResourcesBuildPhase;
			buildActionMask = 2147483647;
			files = (
				AFF9A8B224D474AB00CF6E25 /* LaunchScreen.storyboard in Resources */,
				AFF9A8AF24D474AB00CF6E25 /* Assets.xcassets in Resources */,
				AFF9A8AD24D474A600CF6E25 /* Main.storyboard in Resources */,
			);
			runOnlyForDeploymentPostprocessing = 0;
		};
/* End PBXResourcesBuildPhase section */

/* Begin PBXSourcesBuildPhase section */
		AFF9A89E24D474A600CF6E25 /* Sources */ = {
			isa = PBXSourcesBuildPhase;
			buildActionMask = 2147483647;
			files = (
				AFF9A8BC24D4786700CF6E25 /* TodoTableViewController.swift in Sources */,
				AFF9A8BE24D47E2800CF6E25 /* EditTodoTableViewController.swift in Sources */,
				AFF9A8A624D474A600CF6E25 /* AppDelegate.swift in Sources */,
				AFF9A8A824D474A600CF6E25 /* SceneDelegate.swift in Sources */,
				AFF9A8BA24D474CE00CF6E25 /* Todo.swift in Sources */,
			);
			runOnlyForDeploymentPostprocessing = 0;
		};
/* End PBXSourcesBuildPhase section */

/* Begin PBXVariantGroup section */
		AFF9A8AB24D474A600CF6E25 /* Main.storyboard */ = {
			isa = PBXVariantGroup;
			children = (
				AFF9A8AC24D474A600CF6E25 /* Base */,
			);
			name = Main.storyboard;
			sourceTree = "<group>";
		};
		AFF9A8B024D474AB00CF6E25 /* LaunchScreen.storyboard */ = {
			isa = PBXVariantGroup;
			children = (
				AFF9A8B124D474AB00CF6E25 /* Base */,
			);
			name = LaunchScreen.storyboard;
			sourceTree = "<group>";
		};
/* End PBXVariantGroup section */

/* Begin XCBuildConfiguration section */
		AFF9A8B424D474AB00CF6E25 /* Debug */ = {
			isa = XCBuildConfiguration;
			buildSettings = {
				ALWAYS_SEARCH_USER_PATHS = NO;
				CLANG_ANALYZER_NONNULL = YES;
				CLANG_ANALYZER_NUMBER_OBJECT_CONVERSION = YES_AGGRESSIVE;
				CLANG_CXX_LANGUAGE_STANDARD = "gnu++14";
				CLANG_CXX_LIBRARY = "libc++";
				CLANG_ENABLE_MODULES = YES;
				CLANG_ENABLE_OBJC_ARC = YES;
				CLANG_ENABLE_OBJC_WEAK = YES;
				CLANG_WARN_BLOCK_CAPTURE_AUTORELEASING = YES;
				CLANG_WARN_BOOL_CONVERSION = YES;
				CLANG_WARN_COMMA = YES;
				CLANG_WARN_CONSTANT_CONVERSION = YES;
				CLANG_WARN_DEPRECATED_OBJC_IMPLEMENTATIONS = YES;
				CLANG_WARN_DIRECT_OBJC_ISA_USAGE = YES_ERROR;
				CLANG_WARN_DOCUMENTATION_COMMENTS = YES;
				CLANG_WARN_EMPTY_BODY = YES;
				CLANG_WARN_ENUM_CONVERSION = YES;
				CLANG_WARN_INFINITE_RECURSION = YES;
				CLANG_WARN_INT_CONVERSION = YES;
				CLANG_WARN_NON_LITERAL_NULL_CONVERSION = YES;
				CLANG_WARN_OBJC_IMPLICIT_RETAIN_SELF = YES;
				CLANG_WARN_OBJC_LITERAL_CONVERSION = YES;
				CLANG_WARN_OBJC_ROOT_CLASS = YES_ERROR;
				CLANG_WARN_RANGE_LOOP_ANALYSIS = YES;
				CLANG_WARN_STRICT_PROTOTYPES = YES;
				CLANG_WARN_SUSPICIOUS_MOVE = YES;
				CLANG_WARN_UNGUARDED_AVAILABILITY = YES_AGGRESSIVE;
				CLANG_WARN_UNREACHABLE_CODE = YES;
				CLANG_WARN__DUPLICATE_METHOD_MATCH = YES;
				COPY_PHASE_STRIP = NO;
				DEBUG_INFORMATION_FORMAT = dwarf;
				ENABLE_STRICT_OBJC_MSGSEND = YES;
				ENABLE_TESTABILITY = YES;
				GCC_C_LANGUAGE_STANDARD = gnu11;
				GCC_DYNAMIC_NO_PIC = NO;
				GCC_NO_COMMON_BLOCKS = YES;
				GCC_OPTIMIZATION_LEVEL = 0;
				GCC_PREPROCESSOR_DEFINITIONS = (
					"DEBUG=1",
					"$(inherited)",
				);
				GCC_WARN_64_TO_32_BIT_CONVERSION = YES;
				GCC_WARN_ABOUT_RETURN_TYPE = YES_ERROR;
				GCC_WARN_UNDECLARED_SELECTOR = YES;
				GCC_WARN_UNINITIALIZED_AUTOS = YES_AGGRESSIVE;
				GCC_WARN_UNUSED_FUNCTION = YES;
				GCC_WARN_UNUSED_VARIABLE = YES;
				IPHONEOS_DEPLOYMENT_TARGET = 13.6;
				MTL_ENABLE_DEBUG_INFO = INCLUDE_SOURCE;
				MTL_FAST_MATH = YES;
				ONLY_ACTIVE_ARCH = YES;
				SDKROOT = iphoneos;
				SWIFT_ACTIVE_COMPILATION_CONDITIONS = DEBUG;
				SWIFT_OPTIMIZATION_LEVEL = "-Onone";
			};
			name = Debug;
		};
		AFF9A8B524D474AB00CF6E25 /* Release */ = {
			isa = XCBuildConfiguration;
			buildSettings = {
				ALWAYS_SEARCH_USER_PATHS = NO;
				CLANG_ANALYZER_NONNULL = YES;
				CLANG_ANALYZER_NUMBER_OBJECT_CONVERSION = YES_AGGRESSIVE;
				CLANG_CXX_LANGUAGE_STANDARD = "gnu++14";
				CLANG_CXX_LIBRARY = "libc++";
				CLANG_ENABLE_MODULES = YES;
				CLANG_ENABLE_OBJC_ARC = YES;
				CLANG_ENABLE_OBJC_WEAK = YES;
				CLANG_WARN_BLOCK_CAPTURE_AUTORELEASING = YES;
				CLANG_WARN_BOOL_CONVERSION = YES;
				CLANG_WARN_COMMA = YES;
				CLANG_WARN_CONSTANT_CONVERSION = YES;
				CLANG_WARN_DEPRECATED_OBJC_IMPLEMENTATIONS = YES;
				CLANG_WARN_DIRECT_OBJC_ISA_USAGE = YES_ERROR;
				CLANG_WARN_DOCUMENTATION_COMMENTS = YES;
				CLANG_WARN_EMPTY_BODY = YES;
				CLANG_WARN_ENUM_CONVERSION = YES;
				CLANG_WARN_INFINITE_RECURSION = YES;
				CLANG_WARN_INT_CONVERSION = YES;
				CLANG_WARN_NON_LITERAL_NULL_CONVERSION = YES;
				CLANG_WARN_OBJC_IMPLICIT_RETAIN_SELF = YES;
				CLANG_WARN_OBJC_LITERAL_CONVERSION = YES;
				CLANG_WARN_OBJC_ROOT_CLASS = YES_ERROR;
				CLANG_WARN_RANGE_LOOP_ANALYSIS = YES;
				CLANG_WARN_STRICT_PROTOTYPES = YES;
				CLANG_WARN_SUSPICIOUS_MOVE = YES;
				CLANG_WARN_UNGUARDED_AVAILABILITY = YES_AGGRESSIVE;
				CLANG_WARN_UNREACHABLE_CODE = YES;
				CLANG_WARN__DUPLICATE_METHOD_MATCH = YES;
				COPY_PHASE_STRIP = NO;
				DEBUG_INFORMATION_FORMAT = "dwarf-with-dsym";
				ENABLE_NS_ASSERTIONS = NO;
				ENABLE_STRICT_OBJC_MSGSEND = YES;
				GCC_C_LANGUAGE_STANDARD = gnu11;
				GCC_NO_COMMON_BLOCKS = YES;
				GCC_WARN_64_TO_32_BIT_CONVERSION = YES;
				GCC_WARN_ABOUT_RETURN_TYPE = YES_ERROR;
				GCC_WARN_UNDECLARED_SELECTOR = YES;
				GCC_WARN_UNINITIALIZED_AUTOS = YES_AGGRESSIVE;
				GCC_WARN_UNUSED_FUNCTION = YES;
				GCC_WARN_UNUSED_VARIABLE = YES;
				IPHONEOS_DEPLOYMENT_TARGET = 13.6;
				MTL_ENABLE_DEBUG_INFO = NO;
				MTL_FAST_MATH = YES;
				SDKROOT = iphoneos;
				SWIFT_COMPILATION_MODE = wholemodule;
				SWIFT_OPTIMIZATION_LEVEL = "-O";
				VALIDATE_PRODUCT = YES;
			};
			name = Release;
		};
		AFF9A8B724D474AB00CF6E25 /* Debug */ = {
			isa = XCBuildConfiguration;
			buildSettings = {
				ASSETCATALOG_COMPILER_APPICON_NAME = AppIcon;
				CODE_SIGN_STYLE = Automatic;
				INFOPLIST_FILE = "Todo Demo/Info.plist";
				LD_RUNPATH_SEARCH_PATHS = (
					"$(inherited)",
					"@executable_path/Frameworks",
				);
				PRODUCT_BUNDLE_IDENTIFIER = "com.tinkercademy.Todo-Demo";
				PRODUCT_NAME = "$(TARGET_NAME)";
				SWIFT_VERSION = 5.0;
				TARGETED_DEVICE_FAMILY = "1,2";
			};
			name = Debug;
		};
		AFF9A8B824D474AB00CF6E25 /* Release */ = {
			isa = XCBuildConfiguration;
			buildSettings = {
				ASSETCATALOG_COMPILER_APPICON_NAME = AppIcon;
				CODE_SIGN_STYLE = Automatic;
				INFOPLIST_FILE = "Todo Demo/Info.plist";
				LD_RUNPATH_SEARCH_PATHS = (
					"$(inherited)",
					"@executable_path/Frameworks",
				);
				PRODUCT_BUNDLE_IDENTIFIER = "com.tinkercademy.Todo-Demo";
				PRODUCT_NAME = "$(TARGET_NAME)";
				SWIFT_VERSION = 5.0;
				TARGETED_DEVICE_FAMILY = "1,2";
			};
			name = Release;
		};
/* End XCBuildConfiguration section */

/* Begin XCConfigurationList section */
		AFF9A89D24D474A600CF6E25 /* Build configuration list for PBXProject "Todo Demo" */ = {
			isa = XCConfigurationList;
			buildConfigurations = (
				AFF9A8B424D474AB00CF6E25 /* Debug */,
				AFF9A8B524D474AB00CF6E25 /* Release */,
			);
			defaultConfigurationIsVisible = 0;
			defaultConfigurationName = Release;
		};
		AFF9A8B624D474AB00CF6E25 /* Build configuration list for PBXNativeTarget "Todo Demo" */ = {
			isa = XCConfigurationList;
			buildConfigurations = (
				AFF9A8B724D474AB00CF6E25 /* Debug */,
				AFF9A8B824D474AB00CF6E25 /* Release */,
			);
			defaultConfigurationIsVisible = 0;
			defaultConfigurationName = Release;
		};
/* End XCConfigurationList section */
	};
	rootObject = AFF9A89A24D474A600CF6E25 /* Project object */;
}
